
Microsoft Visual Studio Solution File, Format Version 12.00
# Visual Studio Version 16
VisualStudioVersion = 16.0.30717.126
MinimumVisualStudioVersion = 10.0.40219.1
Project("{FAE04EC0-301F-11D3-BF4B-00C04F79EFBC}") = "ArraysAndLists", "ArraysAndLists\ArraysAndLists.csproj", "{ADC26A75-0F37-470C-B162-DFA6E973082A}"
EndProject
Global
	GlobalSection(SolutionConfigurationPlatforms) = preSolution
		Debug|Any CPU = Debug|Any CPU
		Release|Any CPU = Release|Any CPU
	EndGlobalSection
	GlobalSection(ProjectConfigurationPlatforms) = postSolution
		{ADC26A75-0F37-470C-B162-DFA6E973082A}.Debug|Any CPU.ActiveCfg = Debug|Any CPU
		{ADC26A75-0F37-470C-B162-DFA6E973082A}.Debug|Any CPU.Build.0 = Debug|Any CPU
		{ADC26A75-0F37-470C-B162-DFA6E973082A}.Release|Any CPU.ActiveCfg = Release|Any CPU
		{ADC26A75-0F37-470C-B162-DFA6E973082A}.Release|Any CPU.Build.0 = Release|Any CPU
	EndGlobalSection
	GlobalSection(SolutionProperties) = preSolution
		HideSolutionNode = FALSE
	EndGlobalSection
	GlobalSection(ExtensibilityGlobals) = postSolution
		SolutionGuid = {47ABEE23-F93B-44F9-A694-751F05DCA35D}
	EndGlobalSection
EndGlobal
